{
  "name": "ai-engineering-platform",
  "version": "1.2.0",
  "lockfileVersion": 3,
  "requires": true,
  "packages": {
    "": {
      "name": "ai-engineering-platform",
      "version": "1.2.0",
      "license": "MIT",
      "bin": {
        "ai-engineering-platform": "cli/index.mjs",
        "aip": "cli/index.mjs"
      },
      "engines": {
        "node": ">=20"
      }
    }
  }
}
